# Generated by pub
# See http://pub.dartlang.org/doc/glossary.html#lockfile
packages:
  crypto:
    description: crypto
    source: hosted
    version: "0.5.13"
  meta:
    description: meta
    source: hosted
    version: "0.5.13"
  protobuf:
    description:
      ref: null
      resolved-ref: d6b192352a4816810b7f5688bd30cc16f05cd57a
      url: "git://github.com/dart-lang/dart-protobuf.git"
    source: git
    version: "0.0.0"
  unittest:
    description: unittest
    source: hosted
    version: "0.5.13"
