# Generated by pub
# See http://pub.dartlang.org/doc/glossary.html#lockfile
packages:
  crypto:
    description: crypto
    source: hosted
    version: "0.5.13"
  meta:
    description: meta
    source: hosted
    version: "0.5.13"
  protobuf:
    description:
      ref: null
      resolved-ref: "4b0b3930f7cc84e564eee860ec6b8485322578b8"
      url: "git://github.com/dart-lang/dart-protobuf.git"
    source: git
    version: "0.1.0"
  unittest:
    description: unittest
    source: hosted
    version: "0.5.13"
