# Generated by pub
# See https://dart.dev/tools/pub/glossary#lockfile
packages:
  args:
    dependency: "direct dev"
    description:
      name: args
      url: "https://pub.dartlang.org"
    source: hosted
    version: "2.3.1"
  async:
    dependency: transitive
    description:
      name: async
      url: "https://pub.dartlang.org"
    source: hosted
    version: "2.9.0"
  benchmark_harness:
    dependency: "direct dev"
    description:
      name: benchmark_harness
      url: "https://pub.dartlang.org"
    source: hosted
    version: "2.1.0"
  collection:
    dependency: transitive
    description:
      name: collection
      url: "https://pub.dartlang.org"
    source: hosted
    version: "1.16.0"
  fixnum:
    dependency: transitive
    description:
      name: fixnum
      url: "https://pub.dartlang.org"
    source: hosted
    version: "1.0.1"
  js:
    dependency: "direct dev"
    description:
      name: js
      url: "https://pub.dartlang.org"
    source: hosted
    version: "0.6.4"
  lints:
    dependency: "direct dev"
    description:
      name: lints
      url: "https://pub.dartlang.org"
    source: hosted
    version: "1.0.1"
  meta:
    dependency: transitive
    description:
      name: meta
      url: "https://pub.dartlang.org"
    source: hosted
    version: "1.8.0"
  path:
    dependency: "direct dev"
    description:
      name: path
      url: "https://pub.dartlang.org"
    source: hosted
    version: "1.8.2"
  pool:
    dependency: "direct dev"
    description:
      name: pool
      url: "https://pub.dartlang.org"
    source: hosted
    version: "1.5.1"
  protobuf:
    dependency: "direct dev"
    description:
      path: "../protobuf"
      relative: true
    source: path
    version: "3.0.0-dev"
  protoc_plugin:
    dependency: "direct dev"
    description:
      path: "../protoc_plugin"
      relative: true
    source: path
    version: "21.0.0-dev"
  stack_trace:
    dependency: transitive
    description:
      name: stack_trace
      url: "https://pub.dartlang.org"
    source: hosted
    version: "1.10.0"
sdks:
  dart: ">=2.16.0-100.0.dev <3.0.0"
